
Microsoft Visual Studio Solution File, Format Version 12.00
# Visual Studio 15
VisualStudioVersion = 15.0.28307.168
MinimumVisualStudioVersion = 10.0.40219.1
Project("{FAE04EC0-301F-11D3-BF4B-00C04F79EFBC}") = "SalesStatisticsService.Console", "SalesStatisticsService.Console\SalesStatisticsService.Console.csproj", "{E533BFB1-9A44-4718-A63A-3EFF94C35F87}"
EndProject
Project("{FAE04EC0-301F-11D3-BF4B-00C04F79EFBC}") = "SalesStatisticsService.Entity", "SalesStatisticsService.Entity\SalesStatisticsService.Entity.csproj", "{5DAC17AC-1852-4F7C-A763-FB70846B0AAE}"
EndProject
Project("{FAE04EC0-301F-11D3-BF4B-00C04F79EFBC}") = "SalesStatisticsService.DataAccessLayer", "SalesStatisticsService.DataAccessLayer\SalesStatisticsService.DataAccessLayer.csproj", "{2C42E3AC-4634-48E9-9DA1-529C2BFBA33D}"
EndProject
Project("{FAE04EC0-301F-11D3-BF4B-00C04F79EFBC}") = "SalesStatisticsService.Contracts", "SalesStatisticsService.Contracts\SalesStatisticsService.Contracts.csproj", "{AD0E9EBF-D8A2-43C9-BEFD-70C94FE86718}"
EndProject
Project("{FAE04EC0-301F-11D3-BF4B-00C04F79EFBC}") = "SalesStatisticsService.Core", "SalesStatisticsService.Core\SalesStatisticsService.Core.csproj", "{C7A18BE5-6875-4824-8D9E-B414A24A4E9E}"
EndProject
Global
	GlobalSection(SolutionConfigurationPlatforms) = preSolution
		Debug|Any CPU = Debug|Any CPU
		Release|Any CPU = Release|Any CPU
	EndGlobalSection
	GlobalSection(ProjectConfigurationPlatforms) = postSolution
		{E533BFB1-9A44-4718-A63A-3EFF94C35F87}.Debug|Any CPU.ActiveCfg = Debug|Any CPU
		{E533BFB1-9A44-4718-A63A-3EFF94C35F87}.Debug|Any CPU.Build.0 = Debug|Any CPU
		{E533BFB1-9A44-4718-A63A-3EFF94C35F87}.Release|Any CPU.ActiveCfg = Release|Any CPU
		{E533BFB1-9A44-4718-A63A-3EFF94C35F87}.Release|Any CPU.Build.0 = Release|Any CPU
		{5DAC17AC-1852-4F7C-A763-FB70846B0AAE}.Debug|Any CPU.ActiveCfg = Debug|Any CPU
		{5DAC17AC-1852-4F7C-A763-FB70846B0AAE}.Debug|Any CPU.Build.0 = Debug|Any CPU
		{5DAC17AC-1852-4F7C-A763-FB70846B0AAE}.Release|Any CPU.ActiveCfg = Release|Any CPU
		{5DAC17AC-1852-4F7C-A763-FB70846B0AAE}.Release|Any CPU.Build.0 = Release|Any CPU
		{2C42E3AC-4634-48E9-9DA1-529C2BFBA33D}.Debug|Any CPU.ActiveCfg = Debug|Any CPU
		{2C42E3AC-4634-48E9-9DA1-529C2BFBA33D}.Debug|Any CPU.Build.0 = Debug|Any CPU
		{2C42E3AC-4634-48E9-9DA1-529C2BFBA33D}.Release|Any CPU.ActiveCfg = Release|Any CPU
		{2C42E3AC-4634-48E9-9DA1-529C2BFBA33D}.Release|Any CPU.Build.0 = Release|Any CPU
		{AD0E9EBF-D8A2-43C9-BEFD-70C94FE86718}.Debug|Any CPU.ActiveCfg = Debug|Any CPU
		{AD0E9EBF-D8A2-43C9-BEFD-70C94FE86718}.Debug|Any CPU.Build.0 = Debug|Any CPU
		{AD0E9EBF-D8A2-43C9-BEFD-70C94FE86718}.Release|Any CPU.ActiveCfg = Release|Any CPU
		{AD0E9EBF-D8A2-43C9-BEFD-70C94FE86718}.Release|Any CPU.Build.0 = Release|Any CPU
		{C7A18BE5-6875-4824-8D9E-B414A24A4E9E}.Debug|Any CPU.ActiveCfg = Debug|Any CPU
		{C7A18BE5-6875-4824-8D9E-B414A24A4E9E}.Debug|Any CPU.Build.0 = Debug|Any CPU
		{C7A18BE5-6875-4824-8D9E-B414A24A4E9E}.Release|Any CPU.ActiveCfg = Release|Any CPU
		{C7A18BE5-6875-4824-8D9E-B414A24A4E9E}.Release|Any CPU.Build.0 = Release|Any CPU
	EndGlobalSection
	GlobalSection(SolutionProperties) = preSolution
		HideSolutionNode = FALSE
	EndGlobalSection
	GlobalSection(ExtensibilityGlobals) = postSolution
		SolutionGuid = {028F391C-AD14-43CE-B204-A77A8BF262B8}
	EndGlobalSection
EndGlobal
